
Microsoft Visual Studio Solution File, Format Version 12.00
# Visual Studio 15
VisualStudioVersion = 15.0.28307.1340
MinimumVisualStudioVersion = 10.0.40219.1
Project("{FAE04EC0-301F-11D3-BF4B-00C04F79EFBC}") = "Pav.U3.DelegadosProblema", "Pav.U3.DelegadosProblema\Pav.U3.DelegadosProblema.csproj", "{26B01F7B-5FAC-4ACF-A3E7-16062C2144AB}"
EndProject
Project("{FAE04EC0-301F-11D3-BF4B-00C04F79EFBC}") = "Pav.U3.Delegados.Dominio", "Pav.U3.Delegados.Dominio\Pav.U3.Delegados.Dominio.csproj", "{210C557E-F10F-4D15-9992-48906762F508}"
EndProject
Global
	GlobalSection(SolutionConfigurationPlatforms) = preSolution
		Debug|Any CPU = Debug|Any CPU
		Release|Any CPU = Release|Any CPU
	EndGlobalSection
	GlobalSection(ProjectConfigurationPlatforms) = postSolution
		{26B01F7B-5FAC-4ACF-A3E7-16062C2144AB}.Debug|Any CPU.ActiveCfg = Debug|Any CPU
		{26B01F7B-5FAC-4ACF-A3E7-16062C2144AB}.Debug|Any CPU.Build.0 = Debug|Any CPU
		{26B01F7B-5FAC-4ACF-A3E7-16062C2144AB}.Release|Any CPU.ActiveCfg = Release|Any CPU
		{26B01F7B-5FAC-4ACF-A3E7-16062C2144AB}.Release|Any CPU.Build.0 = Release|Any CPU
		{210C557E-F10F-4D15-9992-48906762F508}.Debug|Any CPU.ActiveCfg = Debug|Any CPU
		{210C557E-F10F-4D15-9992-48906762F508}.Debug|Any CPU.Build.0 = Debug|Any CPU
		{210C557E-F10F-4D15-9992-48906762F508}.Release|Any CPU.ActiveCfg = Release|Any CPU
		{210C557E-F10F-4D15-9992-48906762F508}.Release|Any CPU.Build.0 = Release|Any CPU
	EndGlobalSection
	GlobalSection(SolutionProperties) = preSolution
		HideSolutionNode = FALSE
	EndGlobalSection
	GlobalSection(ExtensibilityGlobals) = postSolution
		SolutionGuid = {2946DE3D-3E0D-4775-BDC4-222E7FA91BAE}
	EndGlobalSection
EndGlobal
